
Microsoft Visual Studio Solution File, Format Version 11.00
# Visual Studio 2010
Project("{FAE04EC0-301F-11D3-BF4B-00C04F79EFBC}") = "Meta_hand_tracking", "Assembly-CSharp.csproj", "{BAEACC42-93AA-2883-CBFC-A71C7FA3B24E}"
EndProject
Project("{FAE04EC0-301F-11D3-BF4B-00C04F79EFBC}") = "Meta_hand_tracking", "Assembly-CSharp-Editor.csproj", "{15366067-DCE7-F240-6CC5-45A09E7E87A1}"
EndProject
Global
	GlobalSection(SolutionConfigurationPlatforms) = preSolution
		Debug|Any CPU = Debug|Any CPU
		Release|Any CPU = Release|Any CPU
	EndGlobalSection
	GlobalSection(ProjectConfigurationPlatforms) = postSolution
		{BAEACC42-93AA-2883-CBFC-A71C7FA3B24E}.Debug|Any CPU.ActiveCfg = Debug|Any CPU
		{BAEACC42-93AA-2883-CBFC-A71C7FA3B24E}.Debug|Any CPU.Build.0 = Debug|Any CPU
		{BAEACC42-93AA-2883-CBFC-A71C7FA3B24E}.Release|Any CPU.ActiveCfg = Release|Any CPU
		{BAEACC42-93AA-2883-CBFC-A71C7FA3B24E}.Release|Any CPU.Build.0 = Release|Any CPU
		{15366067-DCE7-F240-6CC5-45A09E7E87A1}.Debug|Any CPU.ActiveCfg = Debug|Any CPU
		{15366067-DCE7-F240-6CC5-45A09E7E87A1}.Debug|Any CPU.Build.0 = Debug|Any CPU
		{15366067-DCE7-F240-6CC5-45A09E7E87A1}.Release|Any CPU.ActiveCfg = Release|Any CPU
		{15366067-DCE7-F240-6CC5-45A09E7E87A1}.Release|Any CPU.Build.0 = Release|Any CPU
	EndGlobalSection
	GlobalSection(SolutionProperties) = preSolution
		HideSolutionNode = FALSE
	EndGlobalSection
	GlobalSection(MonoDevelopProperties) = preSolution
		StartupItem = Assembly-CSharp.csproj
	EndGlobalSection
EndGlobal
